
Microsoft Visual Studio Solution File, Format Version 12.00
# Visual Studio Version 16
VisualStudioVersion = 16.0.32228.343
MinimumVisualStudioVersion = 10.0.40219.1
Project("{FAE04EC0-301F-11D3-BF4B-00C04F79EFBC}") = "Trabalho_2_MVC", "Trabalho_2_MVC\Trabalho_2_MVC.csproj", "{C711D39C-0F02-4AF6-9F77-C59816C6CDE3}"
EndProject
Global
	GlobalSection(SolutionConfigurationPlatforms) = preSolution
		Debug|Any CPU = Debug|Any CPU
		Release|Any CPU = Release|Any CPU
	EndGlobalSection
	GlobalSection(ProjectConfigurationPlatforms) = postSolution
		{C711D39C-0F02-4AF6-9F77-C59816C6CDE3}.Debug|Any CPU.ActiveCfg = Debug|Any CPU
		{C711D39C-0F02-4AF6-9F77-C59816C6CDE3}.Debug|Any CPU.Build.0 = Debug|Any CPU
		{C711D39C-0F02-4AF6-9F77-C59816C6CDE3}.Release|Any CPU.ActiveCfg = Release|Any CPU
		{C711D39C-0F02-4AF6-9F77-C59816C6CDE3}.Release|Any CPU.Build.0 = Release|Any CPU
	EndGlobalSection
	GlobalSection(SolutionProperties) = preSolution
		HideSolutionNode = FALSE
	EndGlobalSection
	GlobalSection(ExtensibilityGlobals) = postSolution
		SolutionGuid = {97EF903E-9214-4579-B408-568009E1725C}
	EndGlobalSection
EndGlobal
